github.com/alecthomas/template v0.0.0-20160405071501-a0175ee3bccc h1:cAKDfWh5VpdgMhJosfJnn5/FoN2SRZ4p7fJNX58YPaU=
github.com/alecthomas/template v0.0.0-20160405071501-a0175ee3bccc/go.mod h1:LOuyumcjzFXgccqObfd/Ljyb9UuFJ6TxHnclSeseNhc=
github.com/alecthomas/units v0.0.0-20151022065526-2efee857e7cf h1:qet1QNfXsQxTZqLG4oE62mJzwPIB8+Tee4RNCL9ulrY=
github.com/alecthomas/units v0.0.0-20151022065526-2efee857e7cf/go.mod h1:ybxpYRFXyAe+OPACYpWeL0wqObRcbAqCMya13uyzqw0=
github.com/mitchellh/go-homedir v0.0.0-20180801233206-58046073cbff h1:jM4Eo4qMmmcqePS3u6X2lcEELtVuXWkWJIS/pRI3oSk=
github.com/mitchellh/go-homedir v0.0.0-20180801233206-58046073cbff/go.mod h1:SfyaCUpYCn1Vlf4IUYiD9fPX4A5wJrkLzIz1N1q0pr0=
github.com/openrdap/rdap v0.0.0-20180528215218-719f04d91dd6 h1:mgBkA06qamvPh8ufyZAnyqfEvjsuMtmahS35GGBdMVw=
github.com/openrdap/rdap v0.0.0-20180528215218-719f04d91dd6/go.mod h1:Z9b01CBKIgQsX1JzmmhkhoQfdWYchgCP6B4QfKXSdD0=
github.com/pborman/getopt v0.0.0-20180811024354-2b5b3bfb099b h1:K1wa7ads2Bu1PavI6LfBRMYSy6Zi+Rky0OhWBfrmkmY=
github.com/pborman/getopt v0.0.0-20180811024354-2b5b3bfb099b/go.mod h1:85jBQOZwpVEaDAr341tbn15RS4fCAsIst0qp7i8ex1o=
golang.org/x/crypto v0.0.0-20180816225734-aabede6cba87 h1:gCHhzI+1R9peHIMyiWVxoVaWlk1cYK7VThX5ptLtbXY=
golang.org/x/crypto v0.0.0-20180816225734-aabede6cba87/go.mod h1:6SG95UA2DQfeDnfUPMdvaQW0Q7yPrPDi9nlGo2tz2b4=
golang.org/x/exp v0.0.0-20180321215751-8460e604b9de/go.mod h1:CJ0aWSM057203Lf6IL+f9T1iT9GByDxfZKAQTCR3kQA=
golang.org/x/tools v0.0.0-20180525024113-a5b4c53f6e8b/go.mod h1:n7NCudcB/nEzxVGmLbDWY5pfWTLqBcC2KZ6jyYvM4mQ=
gonum.org/v1/gonum v0.0.0-20180816165407-929014505bf4 h1:nYxTaCPaVoJbxx+vMVnsFb6kw5+6aJCx52m/lmM/Vog=
gonum.org/v1/gonum v0.0.0-20180816165407-929014505bf4/go.mod h1:Y+Yx5eoAFn32cQvJDxZx5Dpnq+c3wtXuadVZAcxbbBo=
gopkg.in/alecthomas/kingpin.v2 v2.2.6 h1:jMFz6MfLP0/4fUyZle81rXUoxOBFi19VUFKVDOQfozc=
gopkg.in/alecthomas/kingpin.v2 v2.2.6/go.mod h1:FMv+mEhP44yOT+4EoQTLFTRgOQ1FBLkstjWtayDeSgw=
