# This file is autogenerated, do not edit; changes may be undone by the next 'dep ensure'.


[[projects]]
  branch = "master"
  digest = "1:315c5f2f60c76d89b871c73f9bd5fe689cad96597afd50fb9992228ef80bdd34"
  name = "github.com/alecthomas/template"
  packages = [
    ".",
    "parse",
  ]
  pruneopts = "UT"
  revision = "a0175ee3bccc567396460bf5acd36800cb10c49c"

[[projects]]
  branch = "master"
  digest = "1:c198fdc381e898e8fb62b8eb62758195091c313ad18e52a3067366e1dda2fb3c"
  name = "github.com/alecthomas/units"
  packages = ["."]
  pruneopts = "UT"
  revision = "2efee857e7cfd4f3d0138cc3cbb1b4966962b93a"

[[projects]]
  branch = "master"
  digest = "1:c7354463195544b1ab3c1f1fadb41430947f5d28dfbf2cdbd38268c5717a5a03"
  name = "github.com/mitchellh/go-homedir"
  packages = ["."]
  pruneopts = "UT"
  revision = "58046073cbffe2f25d425fe1331102f55cf719de"

[[projects]]
  branch = "master"
  digest = "1:941fb594f7d7f7d9b18ca0122bd9dcad8b87c4e672c631e7b53333c14dc7fcfd"
  name = "github.com/openrdap/rdap"
  packages = [
    ".",
    "bootstrap",
    "bootstrap/cache",
    "sandbox",
  ]
  pruneopts = "UT"
  revision = "719f04d91dd68149edc4b67af60add3042382ca1"

[[projects]]
  branch = "master"
  digest = "1:03f6f430c25614089460bd1531c21edc10ba3971fa3362995a18dabbd16da705"
  name = "github.com/pborman/getopt"
  packages = ["v2"]
  pruneopts = "UT"
  revision = "2b5b3bfb099b7da3e2f433966f8ab1d5803e0876"

[[projects]]
  branch = "master"
  digest = "1:1d18232beafad93272158a9e9810f417b418c2f967e0506f3e2609c10310fe31"
  name = "golang.org/x/crypto"
  packages = [
    "pkcs12",
    "pkcs12/internal/rc2",
  ]
  pruneopts = "UT"
  revision = "aabede6cba87e37f413b3e60ebfc214f8eeca1b0"

[[projects]]
  branch = "master"
  digest = "1:54619412aa0b249d90e781cb068efd266c04a73872d0752705034f804fe3547c"
  name = "gonum.org/v1/gonum"
  packages = [
    "blas",
    "blas/blas64",
    "blas/gonum",
    "floats",
    "graph",
    "graph/encoding",
    "graph/encoding/dot",
    "graph/formats/dot",
    "graph/formats/dot/ast",
    "graph/formats/dot/internal/astx",
    "graph/formats/dot/internal/errors",
    "graph/formats/dot/internal/lexer",
    "graph/formats/dot/internal/parser",
    "graph/formats/dot/internal/token",
    "graph/internal/ordered",
    "graph/internal/set",
    "graph/internal/uid",
    "graph/simple",
    "internal/asm/c128",
    "internal/asm/f32",
    "internal/asm/f64",
    "internal/math32",
    "lapack",
    "lapack/gonum",
    "lapack/lapack64",
    "mat",
  ]
  pruneopts = "UT"
  revision = "929014505bf4717eb082c9bbe164eb280cf47895"

[[projects]]
  digest = "1:c06d9e11d955af78ac3bbb26bd02e01d2f61f689e1a3bce2ef6fb683ef8a7f2d"
  name = "gopkg.in/alecthomas/kingpin.v2"
  packages = ["."]
  pruneopts = "UT"
  revision = "947dcec5ba9c011838740e680966fd7087a71d0d"
  version = "v2.2.6"

[solve-meta]
  analyzer-name = "dep"
  analyzer-version = 1
  input-imports = [
    "github.com/openrdap/rdap",
    "github.com/pborman/getopt/v2",
    "gonum.org/v1/gonum/graph/encoding/dot",
    "gonum.org/v1/gonum/graph/simple",
  ]
  solver-name = "gps-cdcl"
  solver-version = 1
